{
  "requires": true,
  "lockfileVersion": 1,
  "dependencies": {
    "fastest-validator": {
      "version": "1.17.0",
      "resolved": "https://registry.npmjs.org/fastest-validator/-/fastest-validator-1.17.0.tgz",
      "integrity": "sha512-37U/JDP72QSFqcvNnO81f0Aeu9og+5I3mc55b2v2RbV0S2I7KvQEdBtrFeIvaYVgam1bDUgy9F9AK9HolByogA=="
    }
  }
}
